// !$*UTF8*$!
{
	archiveVersion = 1;
	classes = {
	};
	objectVersion = 56;
	objects = {

/* Begin PBXBuildFile section */
		3FBF9B4A2CDB7F10005581C5 /* main.swift in Sources */ = {isa = PBXBuildFile; fileRef = 3FBF9B492CDB7F10005581C5 /* main.swift */; };
		3FBF9B4D2CDB81AD005581C5 /* MainApp in Frameworks */ = {isa = PBXBuildFile; productRef = 3FBF9B4C2CDB81AD005581C5 /* MainApp */; };
		3FDEBB162CD8E2410022C2A2 /* Assets.xcassets in Resources */ = {isa = PBXBuildFile; fileRef = 3FDEBB152CD8E2410022C2A2 /* Assets.xcassets */; };
		3FDEBB242CD8E2410022C2A2 /* HoroscopeAppTests.swift in Sources */ = {isa = PBXBuildFile; fileRef = 3FDEBB232CD8E2410022C2A2 /* HoroscopeAppTests.swift */; };
		3FDEBB2E2CD8E2410022C2A2 /* HoroscopeAppUITests.swift in Sources */ = {isa = PBXBuildFile; fileRef = 3FDEBB2D2CD8E2410022C2A2 /* HoroscopeAppUITests.swift */; };
		3FDEBB302CD8E2410022C2A2 /* HoroscopeAppUITestsLaunchTests.swift in Sources */ = {isa = PBXBuildFile; fileRef = 3FDEBB2F2CD8E2410022C2A2 /* HoroscopeAppUITestsLaunchTests.swift */; };
/* End PBXBuildFile section */

/* Begin PBXContainerItemProxy section */
		3FDEBB202CD8E2410022C2A2 /* PBXContainerItemProxy */ = {
			isa = PBXContainerItemProxy;
			containerPortal = 3FDEBB042CD8E2400022C2A2 /* Project object */;
			proxyType = 1;
			remoteGlobalIDString = 3FDEBB0B2CD8E2400022C2A2;
			remoteInfo = HoroscopeApp;
		};
		3FDEBB2A2CD8E2410022C2A2 /* PBXContainerItemProxy */ = {
			isa = PBXContainerItemProxy;
			containerPortal = 3FDEBB042CD8E2400022C2A2 /* Project object */;
			proxyType = 1;
			remoteGlobalIDString = 3FDEBB0B2CD8E2400022C2A2;
			remoteInfo = HoroscopeApp;
		};
/* End PBXContainerItemProxy section */

/* Begin PBXFileReference section */
		3FABA9C72CDB956C0039D341 /* Info.plist */ = {isa = PBXFileReference; lastKnownFileType = text.plist; path = Info.plist; sourceTree = "<group>"; };
		3FBF9B482CDB7CC3005581C5 /* MainApp */ = {isa = PBXFileReference; lastKnownFileType = wrapper; path = MainApp; sourceTree = "<group>"; };
		3FBF9B492CDB7F10005581C5 /* main.swift */ = {isa = PBXFileReference; lastKnownFileType = sourcecode.swift; path = main.swift; sourceTree = "<group>"; };
		3FDEBB0C2CD8E2400022C2A2 /* HoroscopeApp.app */ = {isa = PBXFileReference; explicitFileType = wrapper.application; includeInIndex = 0; path = HoroscopeApp.app; sourceTree = BUILT_PRODUCTS_DIR; };
		3FDEBB152CD8E2410022C2A2 /* Assets.xcassets */ = {isa = PBXFileReference; lastKnownFileType = folder.assetcatalog; path = Assets.xcassets; sourceTree = "<group>"; };
		3FDEBB172CD8E2410022C2A2 /* HoroscopeApp.entitlements */ = {isa = PBXFileReference; lastKnownFileType = text.plist.entitlements; path = HoroscopeApp.entitlements; sourceTree = "<group>"; };
		3FDEBB1F2CD8E2410022C2A2 /* HoroscopeAppTests.xctest */ = {isa = PBXFileReference; explicitFileType = wrapper.cfbundle; includeInIndex = 0; path = HoroscopeAppTests.xctest; sourceTree = BUILT_PRODUCTS_DIR; };
		3FDEBB232CD8E2410022C2A2 /* HoroscopeAppTests.swift */ = {isa = PBXFileReference; lastKnownFileType = sourcecode.swift; path = HoroscopeAppTests.swift; sourceTree = "<group>"; };
		3FDEBB292CD8E2410022C2A2 /* HoroscopeAppUITests.xctest */ = {isa = PBXFileReference; explicitFileType = wrapper.cfbundle; includeInIndex = 0; path = HoroscopeAppUITests.xctest; sourceTree = BUILT_PRODUCTS_DIR; };
		3FDEBB2D2CD8E2410022C2A2 /* HoroscopeAppUITests.swift */ = {isa = PBXFileReference; lastKnownFileType = sourcecode.swift; path = HoroscopeAppUITests.swift; sourceTree = "<group>"; };
		3FDEBB2F2CD8E2410022C2A2 /* HoroscopeAppUITestsLaunchTests.swift */ = {isa = PBXFileReference; lastKnownFileType = sourcecode.swift; path = HoroscopeAppUITestsLaunchTests.swift; sourceTree = "<group>"; };
/* End PBXFileReference section */

/* Begin PBXFrameworksBuildPhase section */
		3FDEBB092CD8E2400022C2A2 /* Frameworks */ = {
			isa = PBXFrameworksBuildPhase;
			buildActionMask = 2147483647;
			files = (
				3FBF9B4D2CDB81AD005581C5 /* MainApp in Frameworks */,
			);
			runOnlyForDeploymentPostprocessing = 0;
		};
		3FDEBB1C2CD8E2410022C2A2 /* Frameworks */ = {
			isa = PBXFrameworksBuildPhase;
			buildActionMask = 2147483647;
			files = (
			);
			runOnlyForDeploymentPostprocessing = 0;
		};
		3FDEBB262CD8E2410022C2A2 /* Frameworks */ = {
			isa = PBXFrameworksBuildPhase;
			buildActionMask = 2147483647;
			files = (
			);
			runOnlyForDeploymentPostprocessing = 0;
		};
/* End PBXFrameworksBuildPhase section */

/* Begin PBXGroup section */
		3FBF9B4B2CDB81AD005581C5 /* Frameworks */ = {
			isa = PBXGroup;
			children = (
			);
			name = Frameworks;
			sourceTree = "<group>";
		};
		3FDEBB032CD8E2400022C2A2 = {
			isa = PBXGroup;
			children = (
				3FBF9B482CDB7CC3005581C5 /* MainApp */,
				3FDEBB0E2CD8E2400022C2A2 /* HoroscopeApp */,
				3FDEBB222CD8E2410022C2A2 /* HoroscopeAppTests */,
				3FDEBB2C2CD8E2410022C2A2 /* HoroscopeAppUITests */,
				3FDEBB0D2CD8E2400022C2A2 /* Products */,
				3FBF9B4B2CDB81AD005581C5 /* Frameworks */,
			);
			sourceTree = "<group>";
		};
		3FDEBB0D2CD8E2400022C2A2 /* Products */ = {
			isa = PBXGroup;
			children = (
				3FDEBB0C2CD8E2400022C2A2 /* HoroscopeApp.app */,
				3FDEBB1F2CD8E2410022C2A2 /* HoroscopeAppTests.xctest */,
				3FDEBB292CD8E2410022C2A2 /* HoroscopeAppUITests.xctest */,
			);
			name = Products;
			sourceTree = "<group>";
		};
		3FDEBB0E2CD8E2400022C2A2 /* HoroscopeApp */ = {
			isa = PBXGroup;
			children = (
				3FABA9C72CDB956C0039D341 /* Info.plist */,
				3FDEBB152CD8E2410022C2A2 /* Assets.xcassets */,
				3FDEBB172CD8E2410022C2A2 /* HoroscopeApp.entitlements */,
				3FBF9B492CDB7F10005581C5 /* main.swift */,
			);
			path = HoroscopeApp;
			sourceTree = "<group>";
		};
		3FDEBB222CD8E2410022C2A2 /* HoroscopeAppTests */ = {
			isa = PBXGroup;
			children = (
				3FDEBB232CD8E2410022C2A2 /* HoroscopeAppTests.swift */,
			);
			path = HoroscopeAppTests;
			sourceTree = "<group>";
		};
		3FDEBB2C2CD8E2410022C2A2 /* HoroscopeAppUITests */ = {
			isa = PBXGroup;
			children = (
				3FDEBB2D2CD8E2410022C2A2 /* HoroscopeAppUITests.swift */,
				3FDEBB2F2CD8E2410022C2A2 /* HoroscopeAppUITestsLaunchTests.swift */,
			);
			path = HoroscopeAppUITests;
			sourceTree = "<group>";
		};
/* End PBXGroup section */

/* Begin PBXNativeTarget section */
		3FDEBB0B2CD8E2400022C2A2 /* HoroscopeApp */ = {
			isa = PBXNativeTarget;
			buildConfigurationList = 3FDEBB332CD8E2410022C2A2 /* Build configuration list for PBXNativeTarget "HoroscopeApp" */;
			buildPhases = (
				3FDEBB082CD8E2400022C2A2 /* Sources */,
				3FDEBB092CD8E2400022C2A2 /* Frameworks */,
				3FDEBB0A2CD8E2400022C2A2 /* Resources */,
			);
			buildRules = (
			);
			dependencies = (
			);
			name = HoroscopeApp;
			packageProductDependencies = (
				3FBF9B4C2CDB81AD005581C5 /* MainApp */,
			);
			productName = HoroscopeApp;
			productReference = 3FDEBB0C2CD8E2400022C2A2 /* HoroscopeApp.app */;
			productType = "com.apple.product-type.application";
		};
		3FDEBB1E2CD8E2410022C2A2 /* HoroscopeAppTests */ = {
			isa = PBXNativeTarget;
			buildConfigurationList = 3FDEBB362CD8E2410022C2A2 /* Build configuration list for PBXNativeTarget "HoroscopeAppTests" */;
			buildPhases = (
				3FDEBB1B2CD8E2410022C2A2 /* Sources */,
				3FDEBB1C2CD8E2410022C2A2 /* Frameworks */,
				3FDEBB1D2CD8E2410022C2A2 /* Resources */,
			);
			buildRules = (
			);
			dependencies = (
				3FDEBB212CD8E2410022C2A2 /* PBXTargetDependency */,
			);
			name = HoroscopeAppTests;
			productName = HoroscopeAppTests;
			productReference = 3FDEBB1F2CD8E2410022C2A2 /* HoroscopeAppTests.xctest */;
			productType = "com.apple.product-type.bundle.unit-test";
		};
		3FDEBB282CD8E2410022C2A2 /* HoroscopeAppUITests */ = {
			isa = PBXNativeTarget;
			buildConfigurationList = 3FDEBB392CD8E2410022C2A2 /* Build configuration list for PBXNativeTarget "HoroscopeAppUITests" */;
			buildPhases = (
				3FDEBB252CD8E2410022C2A2 /* Sources */,
				3FDEBB262CD8E2410022C2A2 /* Frameworks */,
				3FDEBB272CD8E2410022C2A2 /* Resources */,
			);
			buildRules = (
			);
			dependencies = (
				3FDEBB2B2CD8E2410022C2A2 /* PBXTargetDependency */,
			);
			name = HoroscopeAppUITests;
			productName = HoroscopeAppUITests;
			productReference = 3FDEBB292CD8E2410022C2A2 /* HoroscopeAppUITests.xctest */;
			productType = "com.apple.product-type.bundle.ui-testing";
		};
/* End PBXNativeTarget section */

/* Begin PBXProject section */
		3FDEBB042CD8E2400022C2A2 /* Project object */ = {
			isa = PBXProject;
			attributes = {
				BuildIndependentTargetsInParallel = 1;
				LastSwiftUpdateCheck = 1520;
				LastUpgradeCheck = 1520;
				TargetAttributes = {
					3FDEBB0B2CD8E2400022C2A2 = {
						CreatedOnToolsVersion = 15.2;
						LastSwiftMigration = 1520;
					};
					3FDEBB1E2CD8E2410022C2A2 = {
						CreatedOnToolsVersion = 15.2;
						TestTargetID = 3FDEBB0B2CD8E2400022C2A2;
					};
					3FDEBB282CD8E2410022C2A2 = {
						CreatedOnToolsVersion = 15.2;
						TestTargetID = 3FDEBB0B2CD8E2400022C2A2;
					};
				};
			};
			buildConfigurationList = 3FDEBB072CD8E2400022C2A2 /* Build configuration list for PBXProject "HoroscopeApp" */;
			compatibilityVersion = "Xcode 14.0";
			developmentRegion = en;
			hasScannedForEncodings = 0;
			knownRegions = (
				en,
				Base,
			);
			mainGroup = 3FDEBB032CD8E2400022C2A2;
			packageReferences = (
			);
			productRefGroup = 3FDEBB0D2CD8E2400022C2A2 /* Products */;
			projectDirPath = "";
			projectRoot = "";
			targets = (
				3FDEBB0B2CD8E2400022C2A2 /* HoroscopeApp */,
				3FDEBB1E2CD8E2410022C2A2 /* HoroscopeAppTests */,
				3FDEBB282CD8E2410022C2A2 /* HoroscopeAppUITests */,
			);
		};
/* End PBXProject section */

/* Begin PBXResourcesBuildPhase section */
		3FDEBB0A2CD8E2400022C2A2 /* Resources */ = {
			isa = PBXResourcesBuildPhase;
			buildActionMask = 2147483647;
			files = (
				3FDEBB162CD8E2410022C2A2 /* Assets.xcassets in Resources */,
			);
			runOnlyForDeploymentPostprocessing = 0;
		};
		3FDEBB1D2CD8E2410022C2A2 /* Resources */ = {
			isa = PBXResourcesBuildPhase;
			buildActionMask = 2147483647;
			files = (
			);
			runOnlyForDeploymentPostprocessing = 0;
		};
		3FDEBB272CD8E2410022C2A2 /* Resources */ = {
			isa = PBXResourcesBuildPhase;
			buildActionMask = 2147483647;
			files = (
			);
			runOnlyForDeploymentPostprocessing = 0;
		};
/* End PBXResourcesBuildPhase section */

/* Begin PBXSourcesBuildPhase section */
		3FDEBB082CD8E2400022C2A2 /* Sources */ = {
			isa = PBXSourcesBuildPhase;
			buildActionMask = 2147483647;
			files = (
				3FBF9B4A2CDB7F10005581C5 /* main.swift in Sources */,
			);
			runOnlyForDeploymentPostprocessing = 0;
		};
		3FDEBB1B2CD8E2410022C2A2 /* Sources */ = {
			isa = PBXSourcesBuildPhase;
			buildActionMask = 2147483647;
			files = (
				3FDEBB242CD8E2410022C2A2 /* HoroscopeAppTests.swift in Sources */,
			);
			runOnlyForDeploymentPostprocessing = 0;
		};
		3FDEBB252CD8E2410022C2A2 /* Sources */ = {
			isa = PBXSourcesBuildPhase;
			buildActionMask = 2147483647;
			files = (
				3FDEBB2E2CD8E2410022C2A2 /* HoroscopeAppUITests.swift in Sources */,
				3FDEBB302CD8E2410022C2A2 /* HoroscopeAppUITestsLaunchTests.swift in Sources */,
			);
			runOnlyForDeploymentPostprocessing = 0;
		};
/* End PBXSourcesBuildPhase section */

/* Begin PBXTargetDependency section */
		3FDEBB212CD8E2410022C2A2 /* PBXTargetDependency */ = {
			isa = PBXTargetDependency;
			target = 3FDEBB0B2CD8E2400022C2A2 /* HoroscopeApp */;
			targetProxy = 3FDEBB202CD8E2410022C2A2 /* PBXContainerItemProxy */;
		};
		3FDEBB2B2CD8E2410022C2A2 /* PBXTargetDependency */ = {
			isa = PBXTargetDependency;
			target = 3FDEBB0B2CD8E2400022C2A2 /* HoroscopeApp */;
			targetProxy = 3FDEBB2A2CD8E2410022C2A2 /* PBXContainerItemProxy */;
		};
/* End PBXTargetDependency section */

/* Begin XCBuildConfiguration section */
		3FDEBB312CD8E2410022C2A2 /* Debug */ = {
			isa = XCBuildConfiguration;
			buildSettings = {
				ALWAYS_SEARCH_USER_PATHS = NO;
				ASSETCATALOG_COMPILER_GENERATE_SWIFT_ASSET_SYMBOL_EXTENSIONS = YES;
				CLANG_ANALYZER_NONNULL = YES;
				CLANG_ANALYZER_NUMBER_OBJECT_CONVERSION = YES_AGGRESSIVE;
				CLANG_CXX_LANGUAGE_STANDARD = "gnu++20";
				CLANG_ENABLE_MODULES = YES;
				CLANG_ENABLE_OBJC_ARC = YES;
				CLANG_ENABLE_OBJC_WEAK = YES;
				CLANG_WARN_BLOCK_CAPTURE_AUTORELEASING = YES;
				CLANG_WARN_BOOL_CONVERSION = YES;
				CLANG_WARN_COMMA = YES;
				CLANG_WARN_CONSTANT_CONVERSION = YES;
				CLANG_WARN_DEPRECATED_OBJC_IMPLEMENTATIONS = YES;
				CLANG_WARN_DIRECT_OBJC_ISA_USAGE = YES_ERROR;
				CLANG_WARN_DOCUMENTATION_COMMENTS = YES;
				CLANG_WARN_EMPTY_BODY = YES;
				CLANG_WARN_ENUM_CONVERSION = YES;
				CLANG_WARN_INFINITE_RECURSION = YES;
				CLANG_WARN_INT_CONVERSION = YES;
				CLANG_WARN_NON_LITERAL_NULL_CONVERSION = YES;
				CLANG_WARN_OBJC_IMPLICIT_RETAIN_SELF = YES;
				CLANG_WARN_OBJC_LITERAL_CONVERSION = YES;
				CLANG_WARN_OBJC_ROOT_CLASS = YES_ERROR;
				CLANG_WARN_QUOTED_INCLUDE_IN_FRAMEWORK_HEADER = YES;
				CLANG_WARN_RANGE_LOOP_ANALYSIS = YES;
				CLANG_WARN_STRICT_PROTOTYPES = YES;
				CLANG_WARN_SUSPICIOUS_MOVE = YES;
				CLANG_WARN_UNGUARDED_AVAILABILITY = YES_AGGRESSIVE;
				CLANG_WARN_UNREACHABLE_CODE = YES;
				CLANG_WARN__DUPLICATE_METHOD_MATCH = YES;
				COPY_PHASE_STRIP = NO;
				DEBUG_INFORMATION_FORMAT = dwarf;
				ENABLE_STRICT_OBJC_MSGSEND = YES;
				ENABLE_TESTABILITY = YES;
				ENABLE_USER_SCRIPT_SANDBOXING = YES;
				GCC_C_LANGUAGE_STANDARD = gnu17;
				GCC_DYNAMIC_NO_PIC = NO;
				GCC_NO_COMMON_BLOCKS = YES;
				GCC_OPTIMIZATION_LEVEL = 0;
				GCC_PREPROCESSOR_DEFINITIONS = (
					"DEBUG=1",
					"$(inherited)",
				);
				GCC_WARN_64_TO_32_BIT_CONVERSION = YES;
				GCC_WARN_ABOUT_RETURN_TYPE = YES_ERROR;
				GCC_WARN_UNDECLARED_SELECTOR = YES;
				GCC_WARN_UNINITIALIZED_AUTOS = YES_AGGRESSIVE;
				GCC_WARN_UNUSED_FUNCTION = YES;
				GCC_WARN_UNUSED_VARIABLE = YES;
				IPHONEOS_DEPLOYMENT_TARGET = 17.0;
				LOCALIZATION_PREFERS_STRING_CATALOGS = YES;
				MTL_ENABLE_DEBUG_INFO = INCLUDE_SOURCE;
				MTL_FAST_MATH = YES;
				ONLY_ACTIVE_ARCH = YES;
				SWIFT_ACTIVE_COMPILATION_CONDITIONS = "DEBUG $(inherited)";
				SWIFT_OPTIMIZATION_LEVEL = "-Onone";
			};
			name = Debug;
		};
		3FDEBB322CD8E2410022C2A2 /* Release */ = {
			isa = XCBuildConfiguration;
			buildSettings = {
				ALWAYS_SEARCH_USER_PATHS = NO;
				ASSETCATALOG_COMPILER_GENERATE_SWIFT_ASSET_SYMBOL_EXTENSIONS = YES;
				CLANG_ANALYZER_NONNULL = YES;
				CLANG_ANALYZER_NUMBER_OBJECT_CONVERSION = YES_AGGRESSIVE;
				CLANG_CXX_LANGUAGE_STANDARD = "gnu++20";
				CLANG_ENABLE_MODULES = YES;
				CLANG_ENABLE_OBJC_ARC = YES;
				CLANG_ENABLE_OBJC_WEAK = YES;
				CLANG_WARN_BLOCK_CAPTURE_AUTORELEASING = YES;
				CLANG_WARN_BOOL_CONVERSION = YES;
				CLANG_WARN_COMMA = YES;
				CLANG_WARN_CONSTANT_CONVERSION = YES;
				CLANG_WARN_DEPRECATED_OBJC_IMPLEMENTATIONS = YES;
				CLANG_WARN_DIRECT_OBJC_ISA_USAGE = YES_ERROR;
				CLANG_WARN_DOCUMENTATION_COMMENTS = YES;
				CLANG_WARN_EMPTY_BODY = YES;
				CLANG_WARN_ENUM_CONVERSION = YES;
				CLANG_WARN_INFINITE_RECURSION = YES;
				CLANG_WARN_INT_CONVERSION = YES;
				CLANG_WARN_NON_LITERAL_NULL_CONVERSION = YES;
				CLANG_WARN_OBJC_IMPLICIT_RETAIN_SELF = YES;
				CLANG_WARN_OBJC_LITERAL_CONVERSION = YES;
				CLANG_WARN_OBJC_ROOT_CLASS = YES_ERROR;
				CLANG_WARN_QUOTED_INCLUDE_IN_FRAMEWORK_HEADER = YES;
				CLANG_WARN_RANGE_LOOP_ANALYSIS = YES;
				CLANG_WARN_STRICT_PROTOTYPES = YES;
				CLANG_WARN_SUSPICIOUS_MOVE = YES;
				CLANG_WARN_UNGUARDED_AVAILABILITY = YES_AGGRESSIVE;
				CLANG_WARN_UNREACHABLE_CODE = YES;
				CLANG_WARN__DUPLICATE_METHOD_MATCH = YES;
				COPY_PHASE_STRIP = NO;
				DEBUG_INFORMATION_FORMAT = "dwarf-with-dsym";
				ENABLE_NS_ASSERTIONS = NO;
				ENABLE_STRICT_OBJC_MSGSEND = YES;
				ENABLE_USER_SCRIPT_SANDBOXING = YES;
				GCC_C_LANGUAGE_STANDARD = gnu17;
				GCC_NO_COMMON_BLOCKS = YES;
				GCC_WARN_64_TO_32_BIT_CONVERSION = YES;
				GCC_WARN_ABOUT_RETURN_TYPE = YES_ERROR;
				GCC_WARN_UNDECLARED_SELECTOR = YES;
				GCC_WARN_UNINITIALIZED_AUTOS = YES_AGGRESSIVE;
				GCC_WARN_UNUSED_FUNCTION = YES;
				GCC_WARN_UNUSED_VARIABLE = YES;
				IPHONEOS_DEPLOYMENT_TARGET = 17.0;
				LOCALIZATION_PREFERS_STRING_CATALOGS = YES;
				MTL_ENABLE_DEBUG_INFO = NO;
				MTL_FAST_MATH = YES;
				SWIFT_COMPILATION_MODE = wholemodule;
			};
			name = Release;
		};
		3FDEBB342CD8E2410022C2A2 /* Debug */ = {
			isa = XCBuildConfiguration;
			buildSettings = {
				ASSETCATALOG_COMPILER_APPICON_NAME = AppIcon;
				ASSETCATALOG_COMPILER_GLOBAL_ACCENT_COLOR_NAME = AccentColor;
				CLANG_ENABLE_MODULES = YES;
				CODE_SIGN_ENTITLEMENTS = HoroscopeApp/HoroscopeApp.entitlements;
				CODE_SIGN_STYLE = Automatic;
				CURRENT_PROJECT_VERSION = 1;
				DEVELOPMENT_TEAM = MU569YV3Y3;
				ENABLE_PREVIEWS = YES;
				GENERATE_INFOPLIST_FILE = YES;
				INFOPLIST_FILE = HoroscopeApp/Info.plist;
				INFOPLIST_KEY_UIApplicationSupportsIndirectInputEvents = YES;
				"INFOPLIST_KEY_UIApplicationSupportsIndirectInputEvents[sdk=iphoneos*]" = YES;
				"INFOPLIST_KEY_UIApplicationSupportsIndirectInputEvents[sdk=iphonesimulator*]" = YES;
				INFOPLIST_KEY_UILaunchScreen_Generation = YES;
				"INFOPLIST_KEY_UILaunchScreen_Generation[sdk=iphoneos*]" = NO;
				"INFOPLIST_KEY_UILaunchScreen_Generation[sdk=iphonesimulator*]" = NO;
				INFOPLIST_KEY_UIStatusBarStyle = "";
				"INFOPLIST_KEY_UIStatusBarStyle[sdk=iphoneos*]" = UIStatusBarStyleDefault;
				"INFOPLIST_KEY_UIStatusBarStyle[sdk=iphonesimulator*]" = UIStatusBarStyleDefault;
				INFOPLIST_KEY_UISupportedInterfaceOrientations_iPhone = "UIInterfaceOrientationPortrait UIInterfaceOrientationLandscapeLeft UIInterfaceOrientationLandscapeRight";
				IPHONEOS_DEPLOYMENT_TARGET = 17.0;
				LD_RUNPATH_SEARCH_PATHS = "@executable_path/Frameworks";
				"LD_RUNPATH_SEARCH_PATHS[sdk=macosx*]" = "@executable_path/../Frameworks";
				MACOSX_DEPLOYMENT_TARGET = 14.0;
				MARKETING_VERSION = 1.0;
				PRODUCT_BUNDLE_IDENTIFIER = com.Appboong.HoroscopeApp;
				PRODUCT_NAME = "$(TARGET_NAME)";
				SDKROOT = auto;
				SUPPORTED_PLATFORMS = "iphoneos iphonesimulator";
				SUPPORTS_MACCATALYST = NO;
				SWIFT_EMIT_LOC_STRINGS = YES;
				SWIFT_OPTIMIZATION_LEVEL = "-Onone";
				SWIFT_VERSION = 5.0;
				TARGETED_DEVICE_FAMILY = 1;
			};
			name = Debug;
		};
		3FDEBB352CD8E2410022C2A2 /* Release */ = {
			isa = XCBuildConfiguration;
			buildSettings = {
				ASSETCATALOG_COMPILER_APPICON_NAME = AppIcon;
				ASSETCATALOG_COMPILER_GLOBAL_ACCENT_COLOR_NAME = AccentColor;
				CLANG_ENABLE_MODULES = YES;
				CODE_SIGN_ENTITLEMENTS = HoroscopeApp/HoroscopeApp.entitlements;
				CODE_SIGN_STYLE = Automatic;
				CURRENT_PROJECT_VERSION = 1;
				DEVELOPMENT_TEAM = MU569YV3Y3;
				ENABLE_PREVIEWS = YES;
				GENERATE_INFOPLIST_FILE = YES;
				INFOPLIST_FILE = HoroscopeApp/Info.plist;
				INFOPLIST_KEY_UIApplicationSupportsIndirectInputEvents = YES;
				"INFOPLIST_KEY_UIApplicationSupportsIndirectInputEvents[sdk=iphoneos*]" = YES;
				"INFOPLIST_KEY_UIApplicationSupportsIndirectInputEvents[sdk=iphonesimulator*]" = YES;
				INFOPLIST_KEY_UILaunchScreen_Generation = YES;
				"INFOPLIST_KEY_UILaunchScreen_Generation[sdk=iphoneos*]" = NO;
				"INFOPLIST_KEY_UILaunchScreen_Generation[sdk=iphonesimulator*]" = NO;
				INFOPLIST_KEY_UIStatusBarStyle = "";
				"INFOPLIST_KEY_UIStatusBarStyle[sdk=iphoneos*]" = UIStatusBarStyleDefault;
				"INFOPLIST_KEY_UIStatusBarStyle[sdk=iphonesimulator*]" = UIStatusBarStyleDefault;
				INFOPLIST_KEY_UISupportedInterfaceOrientations_iPhone = "UIInterfaceOrientationPortrait UIInterfaceOrientationLandscapeLeft UIInterfaceOrientationLandscapeRight";
				IPHONEOS_DEPLOYMENT_TARGET = 17.0;
				LD_RUNPATH_SEARCH_PATHS = "@executable_path/Frameworks";
				"LD_RUNPATH_SEARCH_PATHS[sdk=macosx*]" = "@executable_path/../Frameworks";
				MACOSX_DEPLOYMENT_TARGET = 14.0;
				MARKETING_VERSION = 1.0;
				PRODUCT_BUNDLE_IDENTIFIER = com.Appboong.HoroscopeApp;
				PRODUCT_NAME = "$(TARGET_NAME)";
				SDKROOT = auto;
				SUPPORTED_PLATFORMS = "iphoneos iphonesimulator";
				SUPPORTS_MACCATALYST = NO;
				SWIFT_EMIT_LOC_STRINGS = YES;
				SWIFT_VERSION = 5.0;
				TARGETED_DEVICE_FAMILY = 1;
			};
			name = Release;
		};
		3FDEBB372CD8E2410022C2A2 /* Debug */ = {
			isa = XCBuildConfiguration;
			buildSettings = {
				ALWAYS_EMBED_SWIFT_STANDARD_LIBRARIES = YES;
				BUNDLE_LOADER = "$(TEST_HOST)";
				CODE_SIGN_STYLE = Automatic;
				CURRENT_PROJECT_VERSION = 1;
				GENERATE_INFOPLIST_FILE = YES;
				IPHONEOS_DEPLOYMENT_TARGET = 17.2;
				MACOSX_DEPLOYMENT_TARGET = 14.2;
				MARKETING_VERSION = 1.0;
				PRODUCT_BUNDLE_IDENTIFIER = com.Appboong.HoroscopeApp.HoroscopeAppTests;
				PRODUCT_NAME = "$(TARGET_NAME)";
				SDKROOT = auto;
				SUPPORTED_PLATFORMS = "iphoneos iphonesimulator macosx";
				SWIFT_EMIT_LOC_STRINGS = NO;
				SWIFT_VERSION = 5.0;
				TARGETED_DEVICE_FAMILY = "1,2";
				TEST_HOST = "$(BUILT_PRODUCTS_DIR)/HoroscopeApp.app/$(BUNDLE_EXECUTABLE_FOLDER_PATH)/HoroscopeApp";
			};
			name = Debug;
		};
		3FDEBB382CD8E2410022C2A2 /* Release */ = {
			isa = XCBuildConfiguration;
			buildSettings = {
				ALWAYS_EMBED_SWIFT_STANDARD_LIBRARIES = YES;
				BUNDLE_LOADER = "$(TEST_HOST)";
				CODE_SIGN_STYLE = Automatic;
				CURRENT_PROJECT_VERSION = 1;
				GENERATE_INFOPLIST_FILE = YES;
				IPHONEOS_DEPLOYMENT_TARGET = 17.2;
				MACOSX_DEPLOYMENT_TARGET = 14.2;
				MARKETING_VERSION = 1.0;
				PRODUCT_BUNDLE_IDENTIFIER = com.Appboong.HoroscopeApp.HoroscopeAppTests;
				PRODUCT_NAME = "$(TARGET_NAME)";
				SDKROOT = auto;
				SUPPORTED_PLATFORMS = "iphoneos iphonesimulator macosx";
				SWIFT_EMIT_LOC_STRINGS = NO;
				SWIFT_VERSION = 5.0;
				TARGETED_DEVICE_FAMILY = "1,2";
				TEST_HOST = "$(BUILT_PRODUCTS_DIR)/HoroscopeApp.app/$(BUNDLE_EXECUTABLE_FOLDER_PATH)/HoroscopeApp";
			};
			name = Release;
		};
		3FDEBB3A2CD8E2410022C2A2 /* Debug */ = {
			isa = XCBuildConfiguration;
			buildSettings = {
				ALWAYS_EMBED_SWIFT_STANDARD_LIBRARIES = YES;
				CODE_SIGN_STYLE = Automatic;
				CURRENT_PROJECT_VERSION = 1;
				GENERATE_INFOPLIST_FILE = YES;
				IPHONEOS_DEPLOYMENT_TARGET = 17.2;
				MACOSX_DEPLOYMENT_TARGET = 14.2;
				MARKETING_VERSION = 1.0;
				PRODUCT_BUNDLE_IDENTIFIER = com.Appboong.HoroscopeApp.HoroscopeAppUITests;
				PRODUCT_NAME = "$(TARGET_NAME)";
				SDKROOT = auto;
				SUPPORTED_PLATFORMS = "iphoneos iphonesimulator macosx";
				SWIFT_EMIT_LOC_STRINGS = NO;
				SWIFT_VERSION = 5.0;
				TARGETED_DEVICE_FAMILY = "1,2";
				TEST_TARGET_NAME = HoroscopeApp;
			};
			name = Debug;
		};
		3FDEBB3B2CD8E2410022C2A2 /* Release */ = {
			isa = XCBuildConfiguration;
			buildSettings = {
				ALWAYS_EMBED_SWIFT_STANDARD_LIBRARIES = YES;
				CODE_SIGN_STYLE = Automatic;
				CURRENT_PROJECT_VERSION = 1;
				GENERATE_INFOPLIST_FILE = YES;
				IPHONEOS_DEPLOYMENT_TARGET = 17.2;
				MACOSX_DEPLOYMENT_TARGET = 14.2;
				MARKETING_VERSION = 1.0;
				PRODUCT_BUNDLE_IDENTIFIER = com.Appboong.HoroscopeApp.HoroscopeAppUITests;
				PRODUCT_NAME = "$(TARGET_NAME)";
				SDKROOT = auto;
				SUPPORTED_PLATFORMS = "iphoneos iphonesimulator macosx";
				SWIFT_EMIT_LOC_STRINGS = NO;
				SWIFT_VERSION = 5.0;
				TARGETED_DEVICE_FAMILY = "1,2";
				TEST_TARGET_NAME = HoroscopeApp;
			};
			name = Release;
		};
/* End XCBuildConfiguration section */

/* Begin XCConfigurationList section */
		3FDEBB072CD8E2400022C2A2 /* Build configuration list for PBXProject "HoroscopeApp" */ = {
			isa = XCConfigurationList;
			buildConfigurations = (
				3FDEBB312CD8E2410022C2A2 /* Debug */,
				3FDEBB322CD8E2410022C2A2 /* Release */,
			);
			defaultConfigurationIsVisible = 0;
			defaultConfigurationName = Release;
		};
		3FDEBB332CD8E2410022C2A2 /* Build configuration list for PBXNativeTarget "HoroscopeApp" */ = {
			isa = XCConfigurationList;
			buildConfigurations = (
				3FDEBB342CD8E2410022C2A2 /* Debug */,
				3FDEBB352CD8E2410022C2A2 /* Release */,
			);
			defaultConfigurationIsVisible = 0;
			defaultConfigurationName = Release;
		};
		3FDEBB362CD8E2410022C2A2 /* Build configuration list for PBXNativeTarget "HoroscopeAppTests" */ = {
			isa = XCConfigurationList;
			buildConfigurations = (
				3FDEBB372CD8E2410022C2A2 /* Debug */,
				3FDEBB382CD8E2410022C2A2 /* Release */,
			);
			defaultConfigurationIsVisible = 0;
			defaultConfigurationName = Release;
		};
		3FDEBB392CD8E2410022C2A2 /* Build configuration list for PBXNativeTarget "HoroscopeAppUITests" */ = {
			isa = XCConfigurationList;
			buildConfigurations = (
				3FDEBB3A2CD8E2410022C2A2 /* Debug */,
				3FDEBB3B2CD8E2410022C2A2 /* Release */,
			);
			defaultConfigurationIsVisible = 0;
			defaultConfigurationName = Release;
		};
/* End XCConfigurationList section */

/* Begin XCSwiftPackageProductDependency section */
		3FBF9B4C2CDB81AD005581C5 /* MainApp */ = {
			isa = XCSwiftPackageProductDependency;
			productName = MainApp;
		};
/* End XCSwiftPackageProductDependency section */
	};
	rootObject = 3FDEBB042CD8E2400022C2A2 /* Project object */;
}
